{
  "name": "wpsFunctionsClone",
  "version": "1.0.0",
  "lockfileVersion": 2,
  "requires": true,
  "packages": {
    "": {
      "version": "1.0.0",
      "dependencies": {
        "@azure/identity": "^2.1.0",
        "@azure/web-pubsub": "^1.1.0-beta.1"
      },
      "devDependencies": {
        "@azure/functions": "^3.0.0",
        "@types/node": "16.x",
        "typescript": "^4.0.0"
      }
    },
    "node_modules/@azure/abort-controller": {
      "version": "1.1.0",
      "resolved": "https://www.myget.org/F/azure-webpubsub-dev/npm/@azure/abort-controller/-/@azure/abort-controller-1.1.0.tgz",
      "integrity": "sha1-eI7nhFelWvihrTQqyxgjg9IRkkk=",
      "license": "MIT",
      "dependencies": {
        "tslib": "^2.2.0"
      },
      "engines": {
        "node": ">=12.0.0"
      }
    },
    "node_modules/@azure/core-auth": {
      "version": "1.4.0",
      "resolved": "https://www.myget.org/F/azure-webpubsub-dev/npm/@azure/core-auth/-/@azure/core-auth-1.4.0.tgz",
      "integrity": "sha1-b6lmHBcFhXgg28IW31ulZlrDap4=",
      "license": "MIT",
      "dependencies": {
        "@azure/abort-controller": "^1.0.0",
        "tslib": "^2.2.0"
      },
      "engines": {
        "node": ">=12.0.0"
      }
    },
    "node_modules/@azure/core-client": {
      "version": "1.6.1",
      "resolved": "https://www.myget.org/F/azure-webpubsub-dev/npm/@azure/core-client/-/@azure/core-client-1.6.1.tgz",
      "integrity": "sha1-oarT98abbl2d3bOfq666AT6skxM=",
      "license": "MIT",
      "dependencies": {
        "@azure/abort-controller": "^1.0.0",
        "@azure/core-auth": "^1.4.0",
        "@azure/core-rest-pipeline": "^1.9.1",
        "@azure/core-tracing": "^1.0.0",
        "@azure/core-util": "^1.0.0",
        "@azure/logger": "^1.0.0",
        "tslib": "^2.2.0"
      },
      "engines": {
        "node": ">=12.0.0"
      }
    },
    "node_modules/@azure/core-rest-pipeline": {
      "version": "1.9.2",
      "resolved": "https://www.myget.org/F/azure-webpubsub-dev/npm/@azure/core-rest-pipeline/-/@azure/core-rest-pipeline-1.9.2.tgz",
      "integrity": "sha1-R+5yypbiuC49E2LCn9dojcdGRSc=",
      "license": "MIT",
      "dependencies": {
        "@azure/abort-controller": "^1.0.0",
        "@azure/core-auth": "^1.4.0",
        "@azure/core-tracing": "^1.0.1",
        "@azure/core-util": "^1.0.0",
        "@azure/logger": "^1.0.0",
        "form-data": "^4.0.0",
        "http-proxy-agent": "^5.0.0",
        "https-proxy-agent": "^5.0.0",
        "tslib": "^2.2.0",
        "uuid": "^8.3.0"
      },
      "engines": {
        "node": ">=12.0.0"
      }
    },
    "node_modules/@azure/core-tracing": {
      "version": "1.0.1",
      "resolved": "https://www.myget.org/F/azure-webpubsub-dev/npm/@azure/core-tracing/-/@azure/core-tracing-1.0.1.tgz",
      "integrity": "sha1-NSo4y+pDjEqDyGsxT0gBfXC6lQM=",
      "license": "MIT",
      "dependencies": {
        "tslib": "^2.2.0"
      },
      "engines": {
        "node": ">=12.0.0"
      }
    },
    "node_modules/@azure/core-util": {
      "version": "1.1.0",
      "resolved": "https://www.myget.org/F/azure-webpubsub-dev/npm/@azure/core-util/-/@azure/core-util-1.1.0.tgz",
      "integrity": "sha1-NnNrJ06avuS2zG5NFiaDtOHj21I=",
      "license": "MIT",
      "dependencies": {
        "tslib": "^2.2.0"
      },
      "engines": {
        "node": ">=12.0.0"
      }
    },
    "node_modules/@azure/functions": {
      "version": "3.2.0",
      "resolved": "https://www.myget.org/F/azure-webpubsub-dev/npm/@azure/functions/-/@azure/functions-3.2.0.tgz",
      "integrity": "sha1-xzAD24vZO+GGgk2ynpjgCHm/D5E=",
      "dev": true,
      "license": "MIT"
    },
    "node_modules/@azure/identity": {
      "version": "2.1.0",
      "resolved": "https://www.myget.org/F/azure-webpubsub-dev/npm/@azure/identity/-/@azure/identity-2.1.0.tgz",
      "integrity": "sha1-ifC/wdEmTf09DLGYN8M6nGcG1Ug=",
      "license": "MIT",
      "dependencies": {
        "@azure/abort-controller": "^1.0.0",
        "@azure/core-auth": "^1.3.0",
        "@azure/core-client": "^1.4.0",
        "@azure/core-rest-pipeline": "^1.1.0",
        "@azure/core-tracing": "^1.0.0",
        "@azure/core-util": "^1.0.0",
        "@azure/logger": "^1.0.0",
        "@azure/msal-browser": "^2.26.0",
        "@azure/msal-common": "^7.0.0",
        "@azure/msal-node": "^1.10.0",
        "events": "^3.0.0",
        "jws": "^4.0.0",
        "open": "^8.0.0",
        "stoppable": "^1.1.0",
        "tslib": "^2.2.0",
        "uuid": "^8.3.0"
      },
      "engines": {
        "node": ">=12.0.0"
      }
    },
    "node_modules/@azure/identity/node_modules/jwa": {
      "version": "2.0.0",
      "resolved": "https://www.myget.org/F/azure-webpubsub-dev/npm/jwa/-/jwa-2.0.0.tgz",
      "integrity": "sha1-p+nD8p2ulAJ+vK9Jl1yTRVk0EPw=",
      "license": "MIT",
      "dependencies": {
        "buffer-equal-constant-time": "1.0.1",
        "ecdsa-sig-formatter": "1.0.11",
        "safe-buffer": "^5.0.1"
      }
    },
    "node_modules/@azure/identity/node_modules/jws": {
      "version": "4.0.0",
      "resolved": "https://www.myget.org/F/azure-webpubsub-dev/npm/jws/-/jws-4.0.0.tgz",
      "integrity": "sha1-LU6M9qMY/6oSYV6d7H6G5slzEPQ=",
      "license": "MIT",
      "dependencies": {
        "jwa": "^2.0.0",
        "safe-buffer": "^5.0.1"
      }
    },
    "node_modules/@azure/logger": {
      "version": "1.0.3",
      "resolved": "https://www.myget.org/F/azure-webpubsub-dev/npm/@azure/logger/-/@azure/logger-1.0.3.tgz",
      "integrity": "sha1-bjZwSqUb59ShuuJHMepYCDYpPJY=",
      "license": "MIT",
      "dependencies": {
        "tslib": "^2.2.0"
      },
      "engines": {
        "node": ">=12.0.0"
      }
    },
    "node_modules/@azure/msal-browser": {
      "version": "2.28.1",
      "resolved": "https://www.myget.org/F/azure-webpubsub-dev/npm/@azure/msal-browser/-/@azure/msal-browser-2.28.1.tgz",
      "integrity": "sha1-aEMrp4nx0uemejh0P7u7P7vFQws=",
      "license": "MIT",
      "dependencies": {
        "@azure/msal-common": "^7.3.0"
      },
      "engines": {
        "node": ">=0.8.0"
      }
    },
    "node_modules/@azure/msal-common": {
      "version": "7.3.0",
      "resolved": "https://www.myget.org/F/azure-webpubsub-dev/npm/@azure/msal-common/-/@azure/msal-common-7.3.0.tgz",
      "integrity": "sha1-Y3eMoApB4xYIQrDuITTPqStSSCA=",
      "license": "MIT",
      "engines": {
        "node": ">=0.8.0"
      }
    },
    "node_modules/@azure/msal-node": {
      "version": "1.12.1",
      "resolved": "https://www.myget.org/F/azure-webpubsub-dev/npm/@azure/msal-node/-/@azure/msal-node-1.12.1.tgz",
      "integrity": "sha1-HmkYkkJwnVlHn+ETP3QcplZPgCA=",
      "license": "MIT",
      "dependencies": {
        "@azure/msal-common": "^7.3.0",
        "jsonwebtoken": "^8.5.1",
        "uuid": "^8.3.0"
      },
      "engines": {
        "node": "10 || 12 || 14 || 16 || 18"
      }
    },
    "node_modules/@azure/web-pubsub": {
      "version": "1.1.0-beta.1",
      "resolved": "https://www.myget.org/F/azure-webpubsub-dev/npm/@azure/web-pubsub/-/@azure/web-pubsub-1.1.0-beta.1.tgz",
      "integrity": "sha1-dyUZ0H9Xel8gIBgTTqTjSZwdOak=",
      "license": "MIT",
      "dependencies": {
        "@azure/core-auth": "^1.3.0",
        "@azure/core-client": "^1.0.0",
        "@azure/core-rest-pipeline": "^1.1.0",
        "@azure/core-tracing": "^1.0.0",
        "@azure/logger": "^1.0.0",
        "jsonwebtoken": "^8.5.1",
        "tslib": "^2.2.0"
      },
      "engines": {
        "node": ">=12.0.0"
      }
    },
    "node_modules/@tootallnate/once": {
      "version": "2.0.0",
      "resolved": "https://www.myget.org/F/azure-webpubsub-dev/npm/@tootallnate/once/-/@tootallnate/once-2.0.0.tgz",
      "integrity": "sha1-9UShSNOrNYAcH2M6dEH9h8LkhL8=",
      "license": "MIT",
      "engines": {
        "node": ">= 10"
      }
    },
    "node_modules/@types/node": {
      "version": "16.11.57",
      "resolved": "https://www.myget.org/F/azure-webpubsub-dev/npm/@types/node/-/@types/node-16.11.57.tgz",
      "integrity": "sha1-eG90zvFqzyxesReVtsP3rpNZZmI=",
      "dev": true,
      "license": "MIT"
    },
    "node_modules/agent-base": {
      "version": "6.0.2",
      "resolved": "https://www.myget.org/F/azure-webpubsub-dev/npm/agent-base/-/agent-base-6.0.2.tgz",
      "integrity": "sha1-Sf/1hXfP7j83F2/qtMIuAPhtf3c=",
      "license": "MIT",
      "dependencies": {
        "debug": "4"
      },
      "engines": {
        "node": ">= 6.0.0"
      }
    },
    "node_modules/asynckit": {
      "version": "0.4.0",
      "resolved": "https://www.myget.org/F/azure-webpubsub-dev/npm/asynckit/-/asynckit-0.4.0.tgz",
      "integrity": "sha1-x57Zf380y48robyXkLzDZkdLS3k=",
      "license": "MIT"
    },
    "node_modules/buffer-equal-constant-time": {
      "version": "1.0.1",
      "resolved": "https://www.myget.org/F/azure-webpubsub-dev/npm/buffer-equal-constant-time/-/buffer-equal-constant-time-1.0.1.tgz",
      "integrity": "sha1-+OcRMvf/5uAaXJaXpMbz5I1cyBk=",
      "license": "BSD-3-Clause"
    },
    "node_modules/combined-stream": {
      "version": "1.0.8",
      "resolved": "https://www.myget.org/F/azure-webpubsub-dev/npm/combined-stream/-/combined-stream-1.0.8.tgz",
      "integrity": "sha1-w9RaizT9cwYxoRCoolIGgrMdWn8=",
      "license": "MIT",
      "dependencies": {
        "delayed-stream": "~1.0.0"
      },
      "engines": {
        "node": ">= 0.8"
      }
    },
    "node_modules/debug": {
      "version": "4.3.4",
      "resolved": "https://www.myget.org/F/azure-webpubsub-dev/npm/debug/-/debug-4.3.4.tgz",
      "integrity": "sha1-Exn2V5NX8jONMzfSzdSRS7XcyGU=",
      "license": "MIT",
      "dependencies": {
        "ms": "2.1.2"
      },
      "engines": {
        "node": ">=6.0"
      },
      "peerDependenciesMeta": {
        "supports-color": {
          "optional": true
        }
      }
    },
    "node_modules/define-lazy-prop": {
      "version": "2.0.0",
      "resolved": "https://www.myget.org/F/azure-webpubsub-dev/npm/define-lazy-prop/-/define-lazy-prop-2.0.0.tgz",
      "integrity": "sha1-P3rkIRKbyqrJvHSQXJigAJ7J7n8=",
      "license": "MIT",
      "engines": {
        "node": ">=8"
      }
    },
    "node_modules/delayed-stream": {
      "version": "1.0.0",
      "resolved": "https://www.myget.org/F/azure-webpubsub-dev/npm/delayed-stream/-/delayed-stream-1.0.0.tgz",
      "integrity": "sha1-3zrhmayt+31ECqrgsp4icrJOxhk=",
      "license": "MIT",
      "engines": {
        "node": ">=0.4.0"
      }
    },
    "node_modules/ecdsa-sig-formatter": {
      "version": "1.0.11",
      "resolved": "https://www.myget.org/F/azure-webpubsub-dev/npm/ecdsa-sig-formatter/-/ecdsa-sig-formatter-1.0.11.tgz",
      "integrity": "sha1-rg8PothQRe8UqBfao86azQSJ5b8=",
      "license": "Apache-2.0",
      "dependencies": {
        "safe-buffer": "^5.0.1"
      }
    },
    "node_modules/events": {
      "version": "3.3.0",
      "resolved": "https://www.myget.org/F/azure-webpubsub-dev/npm/events/-/events-3.3.0.tgz",
      "integrity": "sha1-Mala0Kkk4tLEGagTrrLE6HjqdAA=",
      "license": "MIT",
      "engines": {
        "node": ">=0.8.x"
      }
    },
    "node_modules/form-data": {
      "version": "4.0.0",
      "resolved": "https://www.myget.org/F/azure-webpubsub-dev/npm/form-data/-/form-data-4.0.0.tgz",
      "integrity": "sha1-k5Gdrq82HuUpWEubMWZNwSyfpFI=",
      "license": "MIT",
      "dependencies": {
        "asynckit": "^0.4.0",
        "combined-stream": "^1.0.8",
        "mime-types": "^2.1.12"
      },
      "engines": {
        "node": ">= 6"
      }
    },
    "node_modules/http-proxy-agent": {
      "version": "5.0.0",
      "resolved": "https://www.myget.org/F/azure-webpubsub-dev/npm/http-proxy-agent/-/http-proxy-agent-5.0.0.tgz",
      "integrity": "sha1-USmAAgNSDUNPFCvHj/PBcIAPK0M=",
      "license": "MIT",
      "dependencies": {
        "@tootallnate/once": "2",
        "agent-base": "6",
        "debug": "4"
      },
      "engines": {
        "node": ">= 6"
      }
    },
    "node_modules/https-proxy-agent": {
      "version": "5.0.1",
      "resolved": "https://www.myget.org/F/azure-webpubsub-dev/npm/https-proxy-agent/-/https-proxy-agent-5.0.1.tgz",
      "integrity": "sha1-xZ7yJKBP6LdU89sAY6Jeow0ABdY=",
      "license": "MIT",
      "dependencies": {
        "agent-base": "6",
        "debug": "4"
      },
      "engines": {
        "node": ">= 6"
      }
    },
    "node_modules/is-docker": {
      "version": "2.2.1",
      "resolved": "https://www.myget.org/F/azure-webpubsub-dev/npm/is-docker/-/is-docker-2.2.1.tgz",
      "integrity": "sha1-M+6r4jz+hvFL3kQIoCwM+4U6zao=",
      "license": "MIT",
      "bin": {
        "is-docker": "cli.js"
      },
      "engines": {
        "node": ">=8"
      },
      "funding": {
        "url": "https://github.com/sponsors/sindresorhus"
      }
    },
    "node_modules/is-wsl": {
      "version": "2.2.0",
      "resolved": "https://www.myget.org/F/azure-webpubsub-dev/npm/is-wsl/-/is-wsl-2.2.0.tgz",
      "integrity": "sha1-dKTHbnfKn9P5MvKQwX6jJs0VcnE=",
      "license": "MIT",
      "dependencies": {
        "is-docker": "^2.0.0"
      },
      "engines": {
        "node": ">=8"
      }
    },
    "node_modules/jsonwebtoken": {
      "version": "8.5.1",
      "resolved": "https://www.myget.org/F/azure-webpubsub-dev/npm/jsonwebtoken/-/jsonwebtoken-8.5.1.tgz",
      "integrity": "sha1-AOceC431TCEhofJhN98igGc7zA0=",
      "license": "MIT",
      "dependencies": {
        "jws": "^3.2.2",
        "lodash.includes": "^4.3.0",
        "lodash.isboolean": "^3.0.3",
        "lodash.isinteger": "^4.0.4",
        "lodash.isnumber": "^3.0.3",
        "lodash.isplainobject": "^4.0.6",
        "lodash.isstring": "^4.0.1",
        "lodash.once": "^4.0.0",
        "ms": "^2.1.1",
        "semver": "^5.6.0"
      },
      "engines": {
        "node": ">=4",
        "npm": ">=1.4.28"
      }
    },
    "node_modules/jwa": {
      "version": "1.4.1",
      "resolved": "https://www.myget.org/F/azure-webpubsub-dev/npm/jwa/-/jwa-1.4.1.tgz",
      "integrity": "sha1-dDwymFy56YZVUw1TZBtmyGRbA5o=",
      "license": "MIT",
      "dependencies": {
        "buffer-equal-constant-time": "1.0.1",
        "ecdsa-sig-formatter": "1.0.11",
        "safe-buffer": "^5.0.1"
      }
    },
    "node_modules/jws": {
      "version": "3.2.2",
      "resolved": "https://www.myget.org/F/azure-webpubsub-dev/npm/jws/-/jws-3.2.2.tgz",
      "integrity": "sha1-ABCZ82OUaMlBQADpmZX6UvtHgwQ=",
      "license": "MIT",
      "dependencies": {
        "jwa": "^1.4.1",
        "safe-buffer": "^5.0.1"
      }
    },
    "node_modules/lodash.includes": {
      "version": "4.3.0",
      "resolved": "https://www.myget.org/F/azure-webpubsub-dev/npm/lodash.includes/-/lodash.includes-4.3.0.tgz",
      "integrity": "sha1-YLuYqHy5I8aMoeUTJUgzFISfVT8=",
      "license": "MIT"
    },
    "node_modules/lodash.isboolean": {
      "version": "3.0.3",
      "resolved": "https://www.myget.org/F/azure-webpubsub-dev/npm/lodash.isboolean/-/lodash.isboolean-3.0.3.tgz",
      "integrity": "sha1-bC4XHbKiV82WgC/UOwGyDV9YcPY=",
      "license": "MIT"
    },
    "node_modules/lodash.isinteger": {
      "version": "4.0.4",
      "resolved": "https://www.myget.org/F/azure-webpubsub-dev/npm/lodash.isinteger/-/lodash.isinteger-4.0.4.tgz",
      "integrity": "sha1-YZwK89A/iwTDH1iChAt3sRzWg0M=",
      "license": "MIT"
    },
    "node_modules/lodash.isnumber": {
      "version": "3.0.3",
      "resolved": "https://www.myget.org/F/azure-webpubsub-dev/npm/lodash.isnumber/-/lodash.isnumber-3.0.3.tgz",
      "integrity": "sha1-POdoEMWSjQM1IwGsKHMX8RwLH/w=",
      "license": "MIT"
    },
    "node_modules/lodash.isplainobject": {
      "version": "4.0.6",
      "resolved": "https://www.myget.org/F/azure-webpubsub-dev/npm/lodash.isplainobject/-/lodash.isplainobject-4.0.6.tgz",
      "integrity": "sha1-fFJqUtibRcRcxpC4gWO+BJf1UMs=",
      "license": "MIT"
    },
    "node_modules/lodash.isstring": {
      "version": "4.0.1",
      "resolved": "https://www.myget.org/F/azure-webpubsub-dev/npm/lodash.isstring/-/lodash.isstring-4.0.1.tgz",
      "integrity": "sha1-1SfftUVuynzJu5XV2ur4i6VKVFE=",
      "license": "MIT"
    },
    "node_modules/lodash.once": {
      "version": "4.1.1",
      "resolved": "https://www.myget.org/F/azure-webpubsub-dev/npm/lodash.once/-/lodash.once-4.1.1.tgz",
      "integrity": "sha1-DdOXEhPHxW34gJd9UEyI+0cal6w=",
      "license": "MIT"
    },
    "node_modules/mime-db": {
      "version": "1.52.0",
      "resolved": "https://www.myget.org/F/azure-webpubsub-dev/npm/mime-db/-/mime-db-1.52.0.tgz",
      "integrity": "sha1-u6vNwChZ9JhzAchW4zh85exDv3A=",
      "license": "MIT",
      "engines": {
        "node": ">= 0.6"
      }
    },
    "node_modules/mime-types": {
      "version": "2.1.35",
      "resolved": "https://www.myget.org/F/azure-webpubsub-dev/npm/mime-types/-/mime-types-2.1.35.tgz",
      "integrity": "sha1-OBqHG2KnNEUGYK497uRIE/cNlZo=",
      "license": "MIT",
      "dependencies": {
        "mime-db": "1.52.0"
      },
      "engines": {
        "node": ">= 0.6"
      }
    },
    "node_modules/ms": {
      "version": "2.1.2",
      "resolved": "https://www.myget.org/F/azure-webpubsub-dev/npm/ms/-/ms-2.1.2.tgz",
      "integrity": "sha1-0J0fNXtEP0kzgqjrPM0YOHKuYAk=",
      "license": "MIT"
    },
    "node_modules/open": {
      "version": "8.4.0",
      "resolved": "https://www.myget.org/F/azure-webpubsub-dev/npm/open/-/open-8.4.0.tgz",
      "integrity": "sha1-NFMhrhj4E4+CVlqRD9xrOejCRPg=",
      "license": "MIT",
      "dependencies": {
        "define-lazy-prop": "^2.0.0",
        "is-docker": "^2.1.1",
        "is-wsl": "^2.2.0"
      },
      "engines": {
        "node": ">=12"
      },
      "funding": {
        "url": "https://github.com/sponsors/sindresorhus"
      }
    },
    "node_modules/safe-buffer": {
      "version": "5.2.1",
      "resolved": "https://www.myget.org/F/azure-webpubsub-dev/npm/safe-buffer/-/safe-buffer-5.2.1.tgz",
      "integrity": "sha1-Hq+fqb2x/dTsdfWPnNtOa3gn7sY=",
      "funding": [
        {
          "type": "github",
          "url": "https://github.com/sponsors/feross"
        },
        {
          "type": "patreon",
          "url": "https://www.patreon.com/feross"
        },
        {
          "type": "consulting",
          "url": "https://feross.org/support"
        }
      ],
      "license": "MIT"
    },
    "node_modules/semver": {
      "version": "5.7.1",
      "resolved": "https://www.myget.org/F/azure-webpubsub-dev/npm/semver/-/semver-5.7.1.tgz",
      "integrity": "sha1-qVT5Ma66UI0we78Gnv8MAclhFvc=",
      "license": "ISC",
      "bin": {
        "semver": "bin/semver"
      }
    },
    "node_modules/stoppable": {
      "version": "1.1.0",
      "resolved": "https://www.myget.org/F/azure-webpubsub-dev/npm/stoppable/-/stoppable-1.1.0.tgz",
      "integrity": "sha1-MtpWjoPqSIsI5NfqLDvMnXUBXVs=",
      "license": "MIT",
      "engines": {
        "node": ">=4",
        "npm": ">=6"
      }
    },
    "node_modules/tslib": {
      "version": "2.4.0",
      "resolved": "https://www.myget.org/F/azure-webpubsub-dev/npm/tslib/-/tslib-2.4.0.tgz",
      "integrity": "sha1-fOyqfwc85oCgWEeqd76UEJjzbcM=",
      "license": "0BSD"
    },
    "node_modules/typescript": {
      "version": "4.8.2",
      "resolved": "https://www.myget.org/F/azure-webpubsub-dev/npm/typescript/-/typescript-4.8.2.tgz",
      "integrity": "sha1-47M9XM+1kU5O6rZpnPIIre4/15A=",
      "dev": true,
      "license": "Apache-2.0",
      "bin": {
        "tsc": "bin/tsc",
        "tsserver": "bin/tsserver"
      },
      "engines": {
        "node": ">=4.2.0"
      }
    },
    "node_modules/uuid": {
      "version": "8.3.2",
      "resolved": "https://www.myget.org/F/azure-webpubsub-dev/npm/uuid/-/uuid-8.3.2.tgz",
      "integrity": "sha1-gNW1ztJxu5r2xEXyGhoExgbO++I=",
      "license": "MIT",
      "bin": {
        "uuid": "dist/bin/uuid"
      }
    }
  },
  "dependencies": {
    "@azure/abort-controller": {
      "version": "1.1.0",
      "resolved": "https://www.myget.org/F/azure-webpubsub-dev/npm/@azure/abort-controller/-/@azure/abort-controller-1.1.0.tgz",
      "integrity": "sha1-eI7nhFelWvihrTQqyxgjg9IRkkk=",
      "requires": {
        "tslib": "^2.2.0"
      }
    },
    "@azure/core-auth": {
      "version": "1.4.0",
      "resolved": "https://www.myget.org/F/azure-webpubsub-dev/npm/@azure/core-auth/-/@azure/core-auth-1.4.0.tgz",
      "integrity": "sha1-b6lmHBcFhXgg28IW31ulZlrDap4=",
      "requires": {
        "@azure/abort-controller": "^1.0.0",
        "tslib": "^2.2.0"
      }
    },
    "@azure/core-client": {
      "version": "1.6.1",
      "resolved": "https://www.myget.org/F/azure-webpubsub-dev/npm/@azure/core-client/-/@azure/core-client-1.6.1.tgz",
      "integrity": "sha1-oarT98abbl2d3bOfq666AT6skxM=",
      "requires": {
        "@azure/abort-controller": "^1.0.0",
        "@azure/core-auth": "^1.4.0",
        "@azure/core-rest-pipeline": "^1.9.1",
        "@azure/core-tracing": "^1.0.0",
        "@azure/core-util": "^1.0.0",
        "@azure/logger": "^1.0.0",
        "tslib": "^2.2.0"
      }
    },
    "@azure/core-rest-pipeline": {
      "version": "1.9.2",
      "resolved": "https://www.myget.org/F/azure-webpubsub-dev/npm/@azure/core-rest-pipeline/-/@azure/core-rest-pipeline-1.9.2.tgz",
      "integrity": "sha1-R+5yypbiuC49E2LCn9dojcdGRSc=",
      "requires": {
        "@azure/abort-controller": "^1.0.0",
        "@azure/core-auth": "^1.4.0",
        "@azure/core-tracing": "^1.0.1",
        "@azure/core-util": "^1.0.0",
        "@azure/logger": "^1.0.0",
        "form-data": "^4.0.0",
        "http-proxy-agent": "^5.0.0",
        "https-proxy-agent": "^5.0.0",
        "tslib": "^2.2.0",
        "uuid": "^8.3.0"
      }
    },
    "@azure/core-tracing": {
      "version": "1.0.1",
      "resolved": "https://www.myget.org/F/azure-webpubsub-dev/npm/@azure/core-tracing/-/@azure/core-tracing-1.0.1.tgz",
      "integrity": "sha1-NSo4y+pDjEqDyGsxT0gBfXC6lQM=",
      "requires": {
        "tslib": "^2.2.0"
      }
    },
    "@azure/core-util": {
      "version": "1.1.0",
      "resolved": "https://www.myget.org/F/azure-webpubsub-dev/npm/@azure/core-util/-/@azure/core-util-1.1.0.tgz",
      "integrity": "sha1-NnNrJ06avuS2zG5NFiaDtOHj21I=",
      "requires": {
        "tslib": "^2.2.0"
      }
    },
    "@azure/functions": {
      "version": "3.2.0",
      "resolved": "https://www.myget.org/F/azure-webpubsub-dev/npm/@azure/functions/-/@azure/functions-3.2.0.tgz",
      "integrity": "sha1-xzAD24vZO+GGgk2ynpjgCHm/D5E=",
      "dev": true
    },
    "@azure/identity": {
      "version": "2.1.0",
      "resolved": "https://www.myget.org/F/azure-webpubsub-dev/npm/@azure/identity/-/@azure/identity-2.1.0.tgz",
      "integrity": "sha1-ifC/wdEmTf09DLGYN8M6nGcG1Ug=",
      "requires": {
        "@azure/abort-controller": "^1.0.0",
        "@azure/core-auth": "^1.3.0",
        "@azure/core-client": "^1.4.0",
        "@azure/core-rest-pipeline": "^1.1.0",
        "@azure/core-tracing": "^1.0.0",
        "@azure/core-util": "^1.0.0",
        "@azure/logger": "^1.0.0",
        "@azure/msal-browser": "^2.26.0",
        "@azure/msal-common": "^7.0.0",
        "@azure/msal-node": "^1.10.0",
        "events": "^3.0.0",
        "jws": "^4.0.0",
        "open": "^8.0.0",
        "stoppable": "^1.1.0",
        "tslib": "^2.2.0",
        "uuid": "^8.3.0"
      },
      "dependencies": {
        "jwa": {
          "version": "2.0.0",
          "resolved": "https://www.myget.org/F/azure-webpubsub-dev/npm/jwa/-/jwa-2.0.0.tgz",
          "integrity": "sha1-p+nD8p2ulAJ+vK9Jl1yTRVk0EPw=",
          "requires": {
            "buffer-equal-constant-time": "1.0.1",
            "ecdsa-sig-formatter": "1.0.11",
            "safe-buffer": "^5.0.1"
          }
        },
        "jws": {
          "version": "4.0.0",
          "resolved": "https://www.myget.org/F/azure-webpubsub-dev/npm/jws/-/jws-4.0.0.tgz",
          "integrity": "sha1-LU6M9qMY/6oSYV6d7H6G5slzEPQ=",
          "requires": {
            "jwa": "^2.0.0",
            "safe-buffer": "^5.0.1"
          }
        }
      }
    },
    "@azure/logger": {
      "version": "1.0.3",
      "resolved": "https://www.myget.org/F/azure-webpubsub-dev/npm/@azure/logger/-/@azure/logger-1.0.3.tgz",
      "integrity": "sha1-bjZwSqUb59ShuuJHMepYCDYpPJY=",
      "requires": {
        "tslib": "^2.2.0"
      }
    },
    "@azure/msal-browser": {
      "version": "2.28.1",
      "resolved": "https://www.myget.org/F/azure-webpubsub-dev/npm/@azure/msal-browser/-/@azure/msal-browser-2.28.1.tgz",
      "integrity": "sha1-aEMrp4nx0uemejh0P7u7P7vFQws=",
      "requires": {
        "@azure/msal-common": "^7.3.0"
      }
    },
    "@azure/msal-common": {
      "version": "7.3.0",
      "resolved": "https://www.myget.org/F/azure-webpubsub-dev/npm/@azure/msal-common/-/@azure/msal-common-7.3.0.tgz",
      "integrity": "sha1-Y3eMoApB4xYIQrDuITTPqStSSCA="
    },
    "@azure/msal-node": {
      "version": "1.12.1",
      "resolved": "https://www.myget.org/F/azure-webpubsub-dev/npm/@azure/msal-node/-/@azure/msal-node-1.12.1.tgz",
      "integrity": "sha1-HmkYkkJwnVlHn+ETP3QcplZPgCA=",
      "requires": {
        "@azure/msal-common": "^7.3.0",
        "jsonwebtoken": "^8.5.1",
        "uuid": "^8.3.0"
      }
    },
    "@azure/web-pubsub": {
      "version": "1.1.0-beta.1",
      "resolved": "https://www.myget.org/F/azure-webpubsub-dev/npm/@azure/web-pubsub/-/@azure/web-pubsub-1.1.0-beta.1.tgz",
      "integrity": "sha1-dyUZ0H9Xel8gIBgTTqTjSZwdOak=",
      "requires": {
        "@azure/core-auth": "^1.3.0",
        "@azure/core-client": "^1.0.0",
        "@azure/core-rest-pipeline": "^1.1.0",
        "@azure/core-tracing": "^1.0.0",
        "@azure/logger": "^1.0.0",
        "jsonwebtoken": "^8.5.1",
        "tslib": "^2.2.0"
      }
    },
    "@tootallnate/once": {
      "version": "2.0.0",
      "resolved": "https://www.myget.org/F/azure-webpubsub-dev/npm/@tootallnate/once/-/@tootallnate/once-2.0.0.tgz",
      "integrity": "sha1-9UShSNOrNYAcH2M6dEH9h8LkhL8="
    },
    "@types/node": {
      "version": "16.11.57",
      "resolved": "https://www.myget.org/F/azure-webpubsub-dev/npm/@types/node/-/@types/node-16.11.57.tgz",
      "integrity": "sha1-eG90zvFqzyxesReVtsP3rpNZZmI=",
      "dev": true
    },
    "agent-base": {
      "version": "6.0.2",
      "resolved": "https://www.myget.org/F/azure-webpubsub-dev/npm/agent-base/-/agent-base-6.0.2.tgz",
      "integrity": "sha1-Sf/1hXfP7j83F2/qtMIuAPhtf3c=",
      "requires": {
        "debug": "4"
      }
    },
    "asynckit": {
      "version": "0.4.0",
      "resolved": "https://www.myget.org/F/azure-webpubsub-dev/npm/asynckit/-/asynckit-0.4.0.tgz",
      "integrity": "sha1-x57Zf380y48robyXkLzDZkdLS3k="
    },
    "buffer-equal-constant-time": {
      "version": "1.0.1",
      "resolved": "https://www.myget.org/F/azure-webpubsub-dev/npm/buffer-equal-constant-time/-/buffer-equal-constant-time-1.0.1.tgz",
      "integrity": "sha1-+OcRMvf/5uAaXJaXpMbz5I1cyBk="
    },
    "combined-stream": {
      "version": "1.0.8",
      "resolved": "https://www.myget.org/F/azure-webpubsub-dev/npm/combined-stream/-/combined-stream-1.0.8.tgz",
      "integrity": "sha1-w9RaizT9cwYxoRCoolIGgrMdWn8=",
      "requires": {
        "delayed-stream": "~1.0.0"
      }
    },
    "debug": {
      "version": "4.3.4",
      "resolved": "https://www.myget.org/F/azure-webpubsub-dev/npm/debug/-/debug-4.3.4.tgz",
      "integrity": "sha1-Exn2V5NX8jONMzfSzdSRS7XcyGU=",
      "requires": {
        "ms": "2.1.2"
      }
    },
    "define-lazy-prop": {
      "version": "2.0.0",
      "resolved": "https://www.myget.org/F/azure-webpubsub-dev/npm/define-lazy-prop/-/define-lazy-prop-2.0.0.tgz",
      "integrity": "sha1-P3rkIRKbyqrJvHSQXJigAJ7J7n8="
    },
    "delayed-stream": {
      "version": "1.0.0",
      "resolved": "https://www.myget.org/F/azure-webpubsub-dev/npm/delayed-stream/-/delayed-stream-1.0.0.tgz",
      "integrity": "sha1-3zrhmayt+31ECqrgsp4icrJOxhk="
    },
    "ecdsa-sig-formatter": {
      "version": "1.0.11",
      "resolved": "https://www.myget.org/F/azure-webpubsub-dev/npm/ecdsa-sig-formatter/-/ecdsa-sig-formatter-1.0.11.tgz",
      "integrity": "sha1-rg8PothQRe8UqBfao86azQSJ5b8=",
      "requires": {
        "safe-buffer": "^5.0.1"
      }
    },
    "events": {
      "version": "3.3.0",
      "resolved": "https://www.myget.org/F/azure-webpubsub-dev/npm/events/-/events-3.3.0.tgz",
      "integrity": "sha1-Mala0Kkk4tLEGagTrrLE6HjqdAA="
    },
    "form-data": {
      "version": "4.0.0",
      "resolved": "https://www.myget.org/F/azure-webpubsub-dev/npm/form-data/-/form-data-4.0.0.tgz",
      "integrity": "sha1-k5Gdrq82HuUpWEubMWZNwSyfpFI=",
      "requires": {
        "asynckit": "^0.4.0",
        "combined-stream": "^1.0.8",
        "mime-types": "^2.1.12"
      }
    },
    "http-proxy-agent": {
      "version": "5.0.0",
      "resolved": "https://www.myget.org/F/azure-webpubsub-dev/npm/http-proxy-agent/-/http-proxy-agent-5.0.0.tgz",
      "integrity": "sha1-USmAAgNSDUNPFCvHj/PBcIAPK0M=",
      "requires": {
        "@tootallnate/once": "2",
        "agent-base": "6",
        "debug": "4"
      }
    },
    "https-proxy-agent": {
      "version": "5.0.1",
      "resolved": "https://www.myget.org/F/azure-webpubsub-dev/npm/https-proxy-agent/-/https-proxy-agent-5.0.1.tgz",
      "integrity": "sha1-xZ7yJKBP6LdU89sAY6Jeow0ABdY=",
      "requires": {
        "agent-base": "6",
        "debug": "4"
      }
    },
    "is-docker": {
      "version": "2.2.1",
      "resolved": "https://www.myget.org/F/azure-webpubsub-dev/npm/is-docker/-/is-docker-2.2.1.tgz",
      "integrity": "sha1-M+6r4jz+hvFL3kQIoCwM+4U6zao="
    },
    "is-wsl": {
      "version": "2.2.0",
      "resolved": "https://www.myget.org/F/azure-webpubsub-dev/npm/is-wsl/-/is-wsl-2.2.0.tgz",
      "integrity": "sha1-dKTHbnfKn9P5MvKQwX6jJs0VcnE=",
      "requires": {
        "is-docker": "^2.0.0"
      }
    },
    "jsonwebtoken": {
      "version": "8.5.1",
      "resolved": "https://www.myget.org/F/azure-webpubsub-dev/npm/jsonwebtoken/-/jsonwebtoken-8.5.1.tgz",
      "integrity": "sha1-AOceC431TCEhofJhN98igGc7zA0=",
      "requires": {
        "jws": "^3.2.2",
        "lodash.includes": "^4.3.0",
        "lodash.isboolean": "^3.0.3",
        "lodash.isinteger": "^4.0.4",
        "lodash.isnumber": "^3.0.3",
        "lodash.isplainobject": "^4.0.6",
        "lodash.isstring": "^4.0.1",
        "lodash.once": "^4.0.0",
        "ms": "^2.1.1",
        "semver": "^5.6.0"
      }
    },
    "jwa": {
      "version": "1.4.1",
      "resolved": "https://www.myget.org/F/azure-webpubsub-dev/npm/jwa/-/jwa-1.4.1.tgz",
      "integrity": "sha1-dDwymFy56YZVUw1TZBtmyGRbA5o=",
      "requires": {
        "buffer-equal-constant-time": "1.0.1",
        "ecdsa-sig-formatter": "1.0.11",
        "safe-buffer": "^5.0.1"
      }
    },
    "jws": {
      "version": "3.2.2",
      "resolved": "https://www.myget.org/F/azure-webpubsub-dev/npm/jws/-/jws-3.2.2.tgz",
      "integrity": "sha1-ABCZ82OUaMlBQADpmZX6UvtHgwQ=",
      "requires": {
        "jwa": "^1.4.1",
        "safe-buffer": "^5.0.1"
      }
    },
    "lodash.includes": {
      "version": "4.3.0",
      "resolved": "https://www.myget.org/F/azure-webpubsub-dev/npm/lodash.includes/-/lodash.includes-4.3.0.tgz",
      "integrity": "sha1-YLuYqHy5I8aMoeUTJUgzFISfVT8="
    },
    "lodash.isboolean": {
      "version": "3.0.3",
      "resolved": "https://www.myget.org/F/azure-webpubsub-dev/npm/lodash.isboolean/-/lodash.isboolean-3.0.3.tgz",
      "integrity": "sha1-bC4XHbKiV82WgC/UOwGyDV9YcPY="
    },
    "lodash.isinteger": {
      "version": "4.0.4",
      "resolved": "https://www.myget.org/F/azure-webpubsub-dev/npm/lodash.isinteger/-/lodash.isinteger-4.0.4.tgz",
      "integrity": "sha1-YZwK89A/iwTDH1iChAt3sRzWg0M="
    },
    "lodash.isnumber": {
      "version": "3.0.3",
      "resolved": "https://www.myget.org/F/azure-webpubsub-dev/npm/lodash.isnumber/-/lodash.isnumber-3.0.3.tgz",
      "integrity": "sha1-POdoEMWSjQM1IwGsKHMX8RwLH/w="
    },
    "lodash.isplainobject": {
      "version": "4.0.6",
      "resolved": "https://www.myget.org/F/azure-webpubsub-dev/npm/lodash.isplainobject/-/lodash.isplainobject-4.0.6.tgz",
      "integrity": "sha1-fFJqUtibRcRcxpC4gWO+BJf1UMs="
    },
    "lodash.isstring": {
      "version": "4.0.1",
      "resolved": "https://www.myget.org/F/azure-webpubsub-dev/npm/lodash.isstring/-/lodash.isstring-4.0.1.tgz",
      "integrity": "sha1-1SfftUVuynzJu5XV2ur4i6VKVFE="
    },
    "lodash.once": {
      "version": "4.1.1",
      "resolved": "https://www.myget.org/F/azure-webpubsub-dev/npm/lodash.once/-/lodash.once-4.1.1.tgz",
      "integrity": "sha1-DdOXEhPHxW34gJd9UEyI+0cal6w="
    },
    "mime-db": {
      "version": "1.52.0",
      "resolved": "https://www.myget.org/F/azure-webpubsub-dev/npm/mime-db/-/mime-db-1.52.0.tgz",
      "integrity": "sha1-u6vNwChZ9JhzAchW4zh85exDv3A="
    },
    "mime-types": {
      "version": "2.1.35",
      "resolved": "https://www.myget.org/F/azure-webpubsub-dev/npm/mime-types/-/mime-types-2.1.35.tgz",
      "integrity": "sha1-OBqHG2KnNEUGYK497uRIE/cNlZo=",
      "requires": {
        "mime-db": "1.52.0"
      }
    },
    "ms": {
      "version": "2.1.2",
      "resolved": "https://www.myget.org/F/azure-webpubsub-dev/npm/ms/-/ms-2.1.2.tgz",
      "integrity": "sha1-0J0fNXtEP0kzgqjrPM0YOHKuYAk="
    },
    "open": {
      "version": "8.4.0",
      "resolved": "https://www.myget.org/F/azure-webpubsub-dev/npm/open/-/open-8.4.0.tgz",
      "integrity": "sha1-NFMhrhj4E4+CVlqRD9xrOejCRPg=",
      "requires": {
        "define-lazy-prop": "^2.0.0",
        "is-docker": "^2.1.1",
        "is-wsl": "^2.2.0"
      }
    },
    "safe-buffer": {
      "version": "5.2.1",
      "resolved": "https://www.myget.org/F/azure-webpubsub-dev/npm/safe-buffer/-/safe-buffer-5.2.1.tgz",
      "integrity": "sha1-Hq+fqb2x/dTsdfWPnNtOa3gn7sY="
    },
    "semver": {
      "version": "5.7.1",
      "resolved": "https://www.myget.org/F/azure-webpubsub-dev/npm/semver/-/semver-5.7.1.tgz",
      "integrity": "sha1-qVT5Ma66UI0we78Gnv8MAclhFvc="
    },
    "stoppable": {
      "version": "1.1.0",
      "resolved": "https://www.myget.org/F/azure-webpubsub-dev/npm/stoppable/-/stoppable-1.1.0.tgz",
      "integrity": "sha1-MtpWjoPqSIsI5NfqLDvMnXUBXVs="
    },
    "tslib": {
      "version": "2.4.0",
      "resolved": "https://www.myget.org/F/azure-webpubsub-dev/npm/tslib/-/tslib-2.4.0.tgz",
      "integrity": "sha1-fOyqfwc85oCgWEeqd76UEJjzbcM="
    },
    "typescript": {
      "version": "4.8.2",
      "resolved": "https://www.myget.org/F/azure-webpubsub-dev/npm/typescript/-/typescript-4.8.2.tgz",
      "integrity": "sha1-47M9XM+1kU5O6rZpnPIIre4/15A=",
      "dev": true
    },
    "uuid": {
      "version": "8.3.2",
      "resolved": "https://www.myget.org/F/azure-webpubsub-dev/npm/uuid/-/uuid-8.3.2.tgz",
      "integrity": "sha1-gNW1ztJxu5r2xEXyGhoExgbO++I="
    }
  }
}
